
Microsoft Visual Studio Solution File, Format Version 12.00
# Visual Studio 2013
VisualStudioVersion = 12.0.31101.0
MinimumVisualStudioVersion = 10.0.40219.1
Project("{FAE04EC0-301F-11D3-BF4B-00C04F79EFBC}") = "MasterLinqDetail", "MasterLinqDetail\MasterLinqDetail.csproj", "{E382C10C-14BE-4261-92F0-0CF77E816FE7}"
EndProject
Project("{FAE04EC0-301F-11D3-BF4B-00C04F79EFBC}") = "MasterLinqDetailTests", "MasterLinqDetailTests\MasterLinqDetailTests.csproj", "{F45BF911-0011-4F2C-BC9E-01C96E4B8DF9}"
EndProject
Project("{2150E333-8FDC-42A3-9474-1A3956D46DE8}") = "DB", "DB", "{808FBFEC-4FC3-4E98-81B0-0EC484294A3F}"
	ProjectSection(SolutionItems) = preProject
		Create_MasterLinqDetail.sql = Create_MasterLinqDetail.sql
	EndProjectSection
EndProject
Global
	GlobalSection(SolutionConfigurationPlatforms) = preSolution
		Debug|Any CPU = Debug|Any CPU
		Release|Any CPU = Release|Any CPU
	EndGlobalSection
	GlobalSection(ProjectConfigurationPlatforms) = postSolution
		{E382C10C-14BE-4261-92F0-0CF77E816FE7}.Debug|Any CPU.ActiveCfg = Debug|Any CPU
		{E382C10C-14BE-4261-92F0-0CF77E816FE7}.Debug|Any CPU.Build.0 = Debug|Any CPU
		{E382C10C-14BE-4261-92F0-0CF77E816FE7}.Release|Any CPU.ActiveCfg = Release|Any CPU
		{E382C10C-14BE-4261-92F0-0CF77E816FE7}.Release|Any CPU.Build.0 = Release|Any CPU
		{F45BF911-0011-4F2C-BC9E-01C96E4B8DF9}.Debug|Any CPU.ActiveCfg = Debug|Any CPU
		{F45BF911-0011-4F2C-BC9E-01C96E4B8DF9}.Debug|Any CPU.Build.0 = Debug|Any CPU
		{F45BF911-0011-4F2C-BC9E-01C96E4B8DF9}.Release|Any CPU.ActiveCfg = Release|Any CPU
		{F45BF911-0011-4F2C-BC9E-01C96E4B8DF9}.Release|Any CPU.Build.0 = Release|Any CPU
	EndGlobalSection
	GlobalSection(SolutionProperties) = preSolution
		HideSolutionNode = FALSE
	EndGlobalSection
EndGlobal
